
Microsoft Visual Studio Solution File, Format Version 12.00
# Visual Studio Version 17
VisualStudioVersion = 17.0.31903.59
MinimumVisualStudioVersion = 10.0.40219.1
Project("{FAE04EC0-301F-11D3-BF4B-00C04F79EFBC}") = "shoppingBackend", "shoppingBackend\shoppingBackend.csproj", "{CEC8E738-1855-46B6-AE60-5C8A7AEA68B7}"
EndProject
Global
	GlobalSection(SolutionConfigurationPlatforms) = preSolution
		Debug|Any CPU = Debug|Any CPU
		Release|Any CPU = Release|Any CPU
	EndGlobalSection
	GlobalSection(ProjectConfigurationPlatforms) = postSolution
		{CEC8E738-1855-46B6-AE60-5C8A7AEA68B7}.Debug|Any CPU.ActiveCfg = Debug|Any CPU
		{CEC8E738-1855-46B6-AE60-5C8A7AEA68B7}.Debug|Any CPU.Build.0 = Debug|Any CPU
		{CEC8E738-1855-46B6-AE60-5C8A7AEA68B7}.Release|Any CPU.ActiveCfg = Release|Any CPU
		{CEC8E738-1855-46B6-AE60-5C8A7AEA68B7}.Release|Any CPU.Build.0 = Release|Any CPU
	EndGlobalSection
	GlobalSection(SolutionProperties) = preSolution
		HideSolutionNode = FALSE
	EndGlobalSection
	GlobalSection(ExtensibilityGlobals) = postSolution
		SolutionGuid = {709EEE1B-CB17-4A2C-99E6-B7FE42B3BCF8}
	EndGlobalSection
EndGlobal
